{
  "name": "npm-project",
  "version": "1.0.0",
  "lockfileVersion": 3,
  "requires": true,
  "packages": {
    "": {
      "name": "npm-project",
      "version": "1.0.0",
      "dependencies": {
        "tiny-dep": "^1.0.0"
      }
    },
    "node_modules/tiny-dep": {
      "version": "1.0.3",
      "resolved": "https://registry.example/tiny-dep/-/tiny-dep-1.0.3.tgz",
      "integrity": "sha512-fixturetinydep",
      "dependencies": {
        "expresss": "^4.0.0"
      }
    },
    "node_modules/tiny-dep/node_modules/expresss": {
      "version": "4.0.1",
      "resolved": "https://registry.example/expresss/-/expresss-4.0.1.tgz",
      "integrity": "sha512-fixtureexpresss"
    },
    "node_modules/@scope/util": {
      "version": "0.2.1",
      "resolved": "https://registry.example/@scope/util/-/util-0.2.1.tgz",
      "integrity": "sha512-fixturescopeutil"
    }
  }
}
