# This file is generated by running "yarn install" inside your project.
# Manual changes might be lost - proceed with caution!

__metadata:
  version: 8
  cacheKey: 10c0

"@scope/util@npm:^0.2.0":
  version: 0.2.1
  resolution: "@scope/util@npm:0.2.1"
  checksum: 10c0/fixturescopeutil
  languageName: node
  linkType: hard

"tiny-dep@npm:^1.0.0":
  version: 1.0.3
  resolution: "tiny-dep@npm:1.0.3"
  dependencies:
    "@scope/util": "npm:^0.2.0"
  checksum: 10c0/fixturetinydep
  languageName: node
  linkType: hard

"yarn-berry-project@workspace:.":
  version: 0.0.0-use.local
  resolution: "yarn-berry-project@workspace:."
  dependencies:
    tiny-dep: "npm:^1.0.0"
  languageName: unknown
  linkType: soft
